
Microsoft Visual Studio Solution File, Format Version 12.00
# Visual Studio 15
VisualStudioVersion = 15.0.26430.14
MinimumVisualStudioVersion = 10.0.40219.1
Project("{FAE04EC0-301F-11D3-BF4B-00C04F79EFBC}") = "MaterialChipView", "..\src\MaterialChipView\MaterialChipView.csproj", "{20CD7BF0-3EC0-4BA5-9DF4-67C68E3C193A}"
EndProject
Project("{FAE04EC0-301F-11D3-BF4B-00C04F79EFBC}") = "MaterialChipView.SampleApp", "MaterialChipView.SampleApp\MaterialChipView.SampleApp.csproj", "{A8935C76-1C74-45E6-B800-3C81A61B3D35}"
EndProject
Project("{FAE04EC0-301F-11D3-BF4B-00C04F79EFBC}") = "MaterialChipViewBinding", "..\src\MaterialChipViewBinding\MaterialChipViewBinding.csproj", "{338F7EB9-DB26-494F-905B-089C15A6C110}"
EndProject
Global
	GlobalSection(SolutionConfigurationPlatforms) = preSolution
		Debug|Any CPU = Debug|Any CPU
		Release|Any CPU = Release|Any CPU
	EndGlobalSection
	GlobalSection(ProjectConfigurationPlatforms) = postSolution
		{20CD7BF0-3EC0-4BA5-9DF4-67C68E3C193A}.Debug|Any CPU.ActiveCfg = Debug|Any CPU
		{20CD7BF0-3EC0-4BA5-9DF4-67C68E3C193A}.Debug|Any CPU.Build.0 = Debug|Any CPU
		{20CD7BF0-3EC0-4BA5-9DF4-67C68E3C193A}.Release|Any CPU.ActiveCfg = Release|Any CPU
		{20CD7BF0-3EC0-4BA5-9DF4-67C68E3C193A}.Release|Any CPU.Build.0 = Release|Any CPU
		{A8935C76-1C74-45E6-B800-3C81A61B3D35}.Debug|Any CPU.ActiveCfg = Debug|Any CPU
		{A8935C76-1C74-45E6-B800-3C81A61B3D35}.Debug|Any CPU.Build.0 = Debug|Any CPU
		{A8935C76-1C74-45E6-B800-3C81A61B3D35}.Debug|Any CPU.Deploy.0 = Debug|Any CPU
		{A8935C76-1C74-45E6-B800-3C81A61B3D35}.Release|Any CPU.ActiveCfg = Release|Any CPU
		{A8935C76-1C74-45E6-B800-3C81A61B3D35}.Release|Any CPU.Build.0 = Release|Any CPU
		{A8935C76-1C74-45E6-B800-3C81A61B3D35}.Release|Any CPU.Deploy.0 = Release|Any CPU
		{338F7EB9-DB26-494F-905B-089C15A6C110}.Debug|Any CPU.ActiveCfg = Debug|Any CPU
		{338F7EB9-DB26-494F-905B-089C15A6C110}.Debug|Any CPU.Build.0 = Debug|Any CPU
		{338F7EB9-DB26-494F-905B-089C15A6C110}.Release|Any CPU.ActiveCfg = Release|Any CPU
		{338F7EB9-DB26-494F-905B-089C15A6C110}.Release|Any CPU.Build.0 = Release|Any CPU
	EndGlobalSection
	GlobalSection(SolutionProperties) = preSolution
		HideSolutionNode = FALSE
	EndGlobalSection
EndGlobal
